{"1.1.0",
[{<<"cowboy">>,{pkg,<<"cowboy">>,<<"1.0.1">>},0},
 {<<"cowlib">>,{pkg,<<"cowlib">>,<<"1.0.2">>},1},
 {<<"jiffy">>,{pkg,<<"jiffy">>,<<"0.14.7">>},0},
 {<<"jsx">>,{pkg,<<"jsx">>,<<"2.8.0">>},0},
 {<<"ranch">>,{pkg,<<"ranch">>,<<"1.2.1">>},1}]}.
[
{pkg_hash,[
 {<<"cowboy">>, <<"810EFE0B51CBBB97B175E605A520963452990B6568F93306B4FE88955D40FE94">>},
 {<<"cowlib">>, <<"9D769A1D062C9C3AC753096F868CA121E2730B9A377DE23DEC0F7E08B1DF84EE">>},
 {<<"jiffy">>, <<"9F33B893EDD6041CEAE03BC1E50B412E858CC80B46F3D7535A7A9940A79A1C37">>},
 {<<"jsx">>, <<"749BEC6D205C694AE1786D62CEA6CC45A390437E24835FD16D12D74F07097727">>},
 {<<"ranch">>, <<"A6FB992C10F2187B46FFD17CE398DDF8A54F691B81768F9EF5F461EA7E28C762">>}]}
].
